
Microsoft Visual Studio Solution File, Format Version 12.00
# Visual Studio Version 17
VisualStudioVersion = 17.6.33801.468
MinimumVisualStudioVersion = 10.0.40219.1
Project("{8BC9CEB8-8B4A-11D0-8D11-00A0C91BC942}") = "STUDYgit", "STUDYgit.vcxproj", "{B511210D-64FA-42D3-A2D0-63D3A7A1B2F2}"
EndProject
Global
	GlobalSection(SolutionConfigurationPlatforms) = preSolution
		Debug|x64 = Debug|x64
		Debug|x86 = Debug|x86
		Release|x64 = Release|x64
		Release|x86 = Release|x86
	EndGlobalSection
	GlobalSection(ProjectConfigurationPlatforms) = postSolution
		{B511210D-64FA-42D3-A2D0-63D3A7A1B2F2}.Debug|x64.ActiveCfg = Debug|x64
		{B511210D-64FA-42D3-A2D0-63D3A7A1B2F2}.Debug|x64.Build.0 = Debug|x64
		{B511210D-64FA-42D3-A2D0-63D3A7A1B2F2}.Debug|x86.ActiveCfg = Debug|Win32
		{B511210D-64FA-42D3-A2D0-63D3A7A1B2F2}.Debug|x86.Build.0 = Debug|Win32
		{B511210D-64FA-42D3-A2D0-63D3A7A1B2F2}.Release|x64.ActiveCfg = Release|x64
		{B511210D-64FA-42D3-A2D0-63D3A7A1B2F2}.Release|x64.Build.0 = Release|x64
		{B511210D-64FA-42D3-A2D0-63D3A7A1B2F2}.Release|x86.ActiveCfg = Release|Win32
		{B511210D-64FA-42D3-A2D0-63D3A7A1B2F2}.Release|x86.Build.0 = Release|Win32
	EndGlobalSection
	GlobalSection(SolutionProperties) = preSolution
		HideSolutionNode = FALSE
	EndGlobalSection
	GlobalSection(ExtensibilityGlobals) = postSolution
		SolutionGuid = {E9B96F9E-5D3E-4112-9FBC-9994FBC4E802}
	EndGlobalSection
EndGlobal
